
Microsoft Visual Studio Solution File, Format Version 12.00
# Visual Studio Version 17
VisualStudioVersion = 17.12.35521.163
MinimumVisualStudioVersion = 10.0.40219.1
Project("{FAE04EC0-301F-11D3-BF4B-00C04F79EFBC}") = "Solution.DesktopApp", "Solution.DesktopApp\Solution.DesktopApp.csproj", "{542885BE-10AA-472C-AECC-AF68FFD90A2D}"
EndProject
Project("{FAE04EC0-301F-11D3-BF4B-00C04F79EFBC}") = "Solution.ValidationLibrary", "Solution.ValidationLibrary\Solution.ValidationLibrary.csproj", "{34ACEA40-D359-40FF-B9A4-434C0367D225}"
EndProject
Project("{FAE04EC0-301F-11D3-BF4B-00C04F79EFBC}") = "Solution.Database", "Solution.Database\Solution.Database.csproj", "{019F3AB8-4A26-45C0-89B0-A42A03DC6149}"
EndProject
Global
	GlobalSection(SolutionConfigurationPlatforms) = preSolution
		Debug|Any CPU = Debug|Any CPU
		Release|Any CPU = Release|Any CPU
	EndGlobalSection
	GlobalSection(ProjectConfigurationPlatforms) = postSolution
		{542885BE-10AA-472C-AECC-AF68FFD90A2D}.Debug|Any CPU.ActiveCfg = Debug|Any CPU
		{542885BE-10AA-472C-AECC-AF68FFD90A2D}.Debug|Any CPU.Build.0 = Debug|Any CPU
		{542885BE-10AA-472C-AECC-AF68FFD90A2D}.Release|Any CPU.ActiveCfg = Release|Any CPU
		{542885BE-10AA-472C-AECC-AF68FFD90A2D}.Release|Any CPU.Build.0 = Release|Any CPU
		{34ACEA40-D359-40FF-B9A4-434C0367D225}.Debug|Any CPU.ActiveCfg = Debug|Any CPU
		{34ACEA40-D359-40FF-B9A4-434C0367D225}.Debug|Any CPU.Build.0 = Debug|Any CPU
		{34ACEA40-D359-40FF-B9A4-434C0367D225}.Release|Any CPU.ActiveCfg = Release|Any CPU
		{34ACEA40-D359-40FF-B9A4-434C0367D225}.Release|Any CPU.Build.0 = Release|Any CPU
		{019F3AB8-4A26-45C0-89B0-A42A03DC6149}.Debug|Any CPU.ActiveCfg = Debug|Any CPU
		{019F3AB8-4A26-45C0-89B0-A42A03DC6149}.Debug|Any CPU.Build.0 = Debug|Any CPU
		{019F3AB8-4A26-45C0-89B0-A42A03DC6149}.Release|Any CPU.ActiveCfg = Release|Any CPU
		{019F3AB8-4A26-45C0-89B0-A42A03DC6149}.Release|Any CPU.Build.0 = Release|Any CPU
	EndGlobalSection
	GlobalSection(SolutionProperties) = preSolution
		HideSolutionNode = FALSE
	EndGlobalSection
EndGlobal
